Microsoft Visual Studio Solution File, Format Version 12.00
# Visual Studio Version 17
VisualStudioVersion = 17.5.2.0
MinimumVisualStudioVersion = 10.0.40219.1
Project("{FAE04EC0-301F-11D3-BF4B-00C04F79EFBC}") = "TutoringTracker", "TutoringTracker.csproj", "{55AEDF12-D602-6B8E-0D09-FE315FEF7651}"
EndProject
Global
	GlobalSection(SolutionConfigurationPlatforms) = preSolution
		Debug|Any CPU = Debug|Any CPU
		Release|Any CPU = Release|Any CPU
	EndGlobalSection
	GlobalSection(ProjectConfigurationPlatforms) = postSolution
		{55AEDF12-D602-6B8E-0D09-FE315FEF7651}.Debug|Any CPU.ActiveCfg = Debug|Any CPU
		{55AEDF12-D602-6B8E-0D09-FE315FEF7651}.Debug|Any CPU.Build.0 = Debug|Any CPU
		{55AEDF12-D602-6B8E-0D09-FE315FEF7651}.Release|Any CPU.ActiveCfg = Release|Any CPU
		{55AEDF12-D602-6B8E-0D09-FE315FEF7651}.Release|Any CPU.Build.0 = Release|Any CPU
	EndGlobalSection
	GlobalSection(SolutionProperties) = preSolution
		HideSolutionNode = FALSE
	EndGlobalSection
	GlobalSection(ExtensibilityGlobals) = postSolution
		SolutionGuid = {5A07A5BD-E987-4851-ADF1-36046EB87C67}
	EndGlobalSection
EndGlobal
